
Microsoft Visual Studio Solution File, Format Version 12.00
# Visual Studio Version 16
VisualStudioVersion = 16.0.29319.158
MinimumVisualStudioVersion = 10.0.40219.1
Project("{FAE04EC0-301F-11D3-BF4B-00C04F79EFBC}") = "AnalProg", "AnalPorg\AnalProg.csproj", "{C85FBE3F-C413-45A6-9272-B0559C579377}"
EndProject
Project("{FAE04EC0-301F-11D3-BF4B-00C04F79EFBC}") = "Listagem_Vendas", "Listagem_Vendas\Listagem_Vendas.csproj", "{BABC12F6-57A3-4119-966B-A53D4CC1D40D}"
EndProject
Global
	GlobalSection(SolutionConfigurationPlatforms) = preSolution
		Debug|Any CPU = Debug|Any CPU
		Release|Any CPU = Release|Any CPU
	EndGlobalSection
	GlobalSection(ProjectConfigurationPlatforms) = postSolution
		{C85FBE3F-C413-45A6-9272-B0559C579377}.Debug|Any CPU.ActiveCfg = Debug|Any CPU
		{C85FBE3F-C413-45A6-9272-B0559C579377}.Debug|Any CPU.Build.0 = Debug|Any CPU
		{C85FBE3F-C413-45A6-9272-B0559C579377}.Release|Any CPU.ActiveCfg = Release|Any CPU
		{C85FBE3F-C413-45A6-9272-B0559C579377}.Release|Any CPU.Build.0 = Release|Any CPU
		{BABC12F6-57A3-4119-966B-A53D4CC1D40D}.Debug|Any CPU.ActiveCfg = Debug|Any CPU
		{BABC12F6-57A3-4119-966B-A53D4CC1D40D}.Debug|Any CPU.Build.0 = Debug|Any CPU
		{BABC12F6-57A3-4119-966B-A53D4CC1D40D}.Release|Any CPU.ActiveCfg = Release|Any CPU
		{BABC12F6-57A3-4119-966B-A53D4CC1D40D}.Release|Any CPU.Build.0 = Release|Any CPU
	EndGlobalSection
	GlobalSection(SolutionProperties) = preSolution
		HideSolutionNode = FALSE
	EndGlobalSection
	GlobalSection(ExtensibilityGlobals) = postSolution
		SolutionGuid = {5DE836D0-6349-45FD-9261-432DB45DDCA0}
	EndGlobalSection
EndGlobal
